lockfileVersion: '9.0'

settings:
  autoInstallPeers: true
  excludeLinksFromLockfile: false

importers:

  .:
    dependencies:
      '@strudel/core':
        specifier: ^1.2.2
        version: 1.2.2
      '@strudel/mini':
        specifier: ^1.2.2
        version: 1.2.2
      '@strudel/tonal':
        specifier: ^1.2.2
        version: 1.2.2
      '@strudel/transpiler':
        specifier: ^1.2.2
        version: 1.2.2
      '@strudel/webaudio':
        specifier: ^1.2.3
        version: 1.2.3
      monaco-editor:
        specifier: ^0.52.2
        version: 0.52.2
    devDependencies:
      typescript:
        specifier: ~5.8.3
        version: 5.8.3
      vite:
        specifier: ^7.0.4
        version: 7.0.4

packages:

  '@babel/runtime@7.27.6':
    resolution: {integrity: sha512-vbavdySgbTTrmFE+EsiqUTzlOr5bzlnJtUv9PynGCAKvfQqjIXbvFdumPM/GxMDfyuGMJaJAU6TO4zc1Jf1i8Q==}
    engines: {node: '>=6.9.0'}

  '@esbuild/aix-ppc64@0.25.6':
    resolution: {integrity: sha512-ShbM/3XxwuxjFiuVBHA+d3j5dyac0aEVVq1oluIDf71hUw0aRF59dV/efUsIwFnR6m8JNM2FjZOzmaZ8yG61kw==}
    engines: {node: '>=18'}
    cpu: [ppc64]
    os: [aix]

  '@esbuild/android-arm64@0.25.6':
    resolution: {integrity: sha512-hd5zdUarsK6strW+3Wxi5qWws+rJhCCbMiC9QZyzoxfk5uHRIE8T287giQxzVpEvCwuJ9Qjg6bEjcRJcgfLqoA==}
    engines: {node: '>=18'}
    cpu: [arm64]
    os: [android]

  '@esbuild/android-arm@0.25.6':
    resolution: {integrity: sha512-S8ToEOVfg++AU/bHwdksHNnyLyVM+eMVAOf6yRKFitnwnbwwPNqKr3srzFRe7nzV69RQKb5DgchIX5pt3L53xg==}
    engines: {node: '>=18'}
    cpu: [arm]
    os: [android]

  '@esbuild/android-x64@0.25.6':
    resolution: {integrity: sha512-0Z7KpHSr3VBIO9A/1wcT3NTy7EB4oNC4upJ5ye3R7taCc2GUdeynSLArnon5G8scPwaU866d3H4BCrE5xLW25A==}
    engines: {node: '>=18'}
    cpu: [x64]
    os: [android]

  '@esbuild/darwin-arm64@0.25.6':
    resolution: {integrity: sha512-FFCssz3XBavjxcFxKsGy2DYK5VSvJqa6y5HXljKzhRZ87LvEi13brPrf/wdyl/BbpbMKJNOr1Sd0jtW4Ge1pAA==}
    engines: {node: '>=18'}
    cpu: [arm64]
    os: [darwin]

  '@esbuild/darwin-x64@0.25.6':
    resolution: {integrity: sha512-GfXs5kry/TkGM2vKqK2oyiLFygJRqKVhawu3+DOCk7OxLy/6jYkWXhlHwOoTb0WqGnWGAS7sooxbZowy+pK9Yg==}
    engines: {node: '>=18'}
    cpu: [x64]
    os: [darwin]

  '@esbuild/freebsd-arm64@0.25.6':
    resolution: {integrity: sha512-aoLF2c3OvDn2XDTRvn8hN6DRzVVpDlj2B/F66clWd/FHLiHaG3aVZjxQX2DYphA5y/evbdGvC6Us13tvyt4pWg==}
    engines: {node: '>=18'}
    cpu: [arm64]
    os: [freebsd]

  '@esbuild/freebsd-x64@0.25.6':
    resolution: {integrity: sha512-2SkqTjTSo2dYi/jzFbU9Plt1vk0+nNg8YC8rOXXea+iA3hfNJWebKYPs3xnOUf9+ZWhKAaxnQNUf2X9LOpeiMQ==}
    engines: {node: '>=18'}
    cpu: [x64]
    os: [freebsd]

  '@esbuild/linux-arm64@0.25.6':
    resolution: {integrity: sha512-b967hU0gqKd9Drsh/UuAm21Khpoh6mPBSgz8mKRq4P5mVK8bpA+hQzmm/ZwGVULSNBzKdZPQBRT3+WuVavcWsQ==}
    engines: {node: '>=18'}
    cpu: [arm64]
    os: [linux]

  '@esbuild/linux-arm@0.25.6':
    resolution: {integrity: sha512-SZHQlzvqv4Du5PrKE2faN0qlbsaW/3QQfUUc6yO2EjFcA83xnwm91UbEEVx4ApZ9Z5oG8Bxz4qPE+HFwtVcfyw==}
    engines: {node: '>=18'}
    cpu: [arm]
    os: [linux]

  '@esbuild/linux-ia32@0.25.6':
    resolution: {integrity: sha512-aHWdQ2AAltRkLPOsKdi3xv0mZ8fUGPdlKEjIEhxCPm5yKEThcUjHpWB1idN74lfXGnZ5SULQSgtr5Qos5B0bPw==}
    engines: {node: '>=18'}
    cpu: [ia32]
    os: [linux]

  '@esbuild/linux-loong64@0.25.6':
    resolution: {integrity: sha512-VgKCsHdXRSQ7E1+QXGdRPlQ/e08bN6WMQb27/TMfV+vPjjTImuT9PmLXupRlC90S1JeNNW5lzkAEO/McKeJ2yg==}
    engines: {node: '>=18'}
    cpu: [loong64]
    os: [linux]

  '@esbuild/linux-mips64el@0.25.6':
    resolution: {integrity: sha512-WViNlpivRKT9/py3kCmkHnn44GkGXVdXfdc4drNmRl15zVQ2+D2uFwdlGh6IuK5AAnGTo2qPB1Djppj+t78rzw==}
    engines: {node: '>=18'}
    cpu: [mips64el]
    os: [linux]

  '@esbuild/linux-ppc64@0.25.6':
    resolution: {integrity: sha512-wyYKZ9NTdmAMb5730I38lBqVu6cKl4ZfYXIs31Baf8aoOtB4xSGi3THmDYt4BTFHk7/EcVixkOV2uZfwU3Q2Jw==}
    engines: {node: '>=18'}
    cpu: [ppc64]
    os: [linux]

  '@esbuild/linux-riscv64@0.25.6':
    resolution: {integrity: sha512-KZh7bAGGcrinEj4qzilJ4hqTY3Dg2U82c8bv+e1xqNqZCrCyc+TL9AUEn5WGKDzm3CfC5RODE/qc96OcbIe33w==}
    engines: {node: '>=18'}
    cpu: [riscv64]
    os: [linux]

  '@esbuild/linux-s390x@0.25.6':
    resolution: {integrity: sha512-9N1LsTwAuE9oj6lHMyyAM+ucxGiVnEqUdp4v7IaMmrwb06ZTEVCIs3oPPplVsnjPfyjmxwHxHMF8b6vzUVAUGw==}
    engines: {node: '>=18'}
    cpu: [s390x]
    os: [linux]

  '@esbuild/linux-x64@0.25.6':
    resolution: {integrity: sha512-A6bJB41b4lKFWRKNrWoP2LHsjVzNiaurf7wyj/XtFNTsnPuxwEBWHLty+ZE0dWBKuSK1fvKgrKaNjBS7qbFKig==}
    engines: {node: '>=18'}
    cpu: [x64]
    os: [linux]

  '@esbuild/netbsd-arm64@0.25.6':
    resolution: {integrity: sha512-IjA+DcwoVpjEvyxZddDqBY+uJ2Snc6duLpjmkXm/v4xuS3H+3FkLZlDm9ZsAbF9rsfP3zeA0/ArNDORZgrxR/Q==}
    engines: {node: '>=18'}
    cpu: [arm64]
    os: [netbsd]

  '@esbuild/netbsd-x64@0.25.6':
    resolution: {integrity: sha512-dUXuZr5WenIDlMHdMkvDc1FAu4xdWixTCRgP7RQLBOkkGgwuuzaGSYcOpW4jFxzpzL1ejb8yF620UxAqnBrR9g==}
    engines: {node: '>=18'}
    cpu: [x64]
    os: [netbsd]

  '@esbuild/openbsd-arm64@0.25.6':
    resolution: {integrity: sha512-l8ZCvXP0tbTJ3iaqdNf3pjaOSd5ex/e6/omLIQCVBLmHTlfXW3zAxQ4fnDmPLOB1x9xrcSi/xtCWFwCZRIaEwg==}
    engines: {node: '>=18'}
    cpu: [arm64]
    os: [openbsd]

  '@esbuild/openbsd-x64@0.25.6':
    resolution: {integrity: sha512-hKrmDa0aOFOr71KQ/19JC7az1P0GWtCN1t2ahYAf4O007DHZt/dW8ym5+CUdJhQ/qkZmI1HAF8KkJbEFtCL7gw==}
    engines: {node: '>=18'}
    cpu: [x64]
    os: [openbsd]

  '@esbuild/openharmony-arm64@0.25.6':
    resolution: {integrity: sha512-+SqBcAWoB1fYKmpWoQP4pGtx+pUUC//RNYhFdbcSA16617cchuryuhOCRpPsjCblKukAckWsV+aQ3UKT/RMPcA==}
    engines: {node: '>=18'}
    cpu: [arm64]
    os: [openharmony]

  '@esbuild/sunos-x64@0.25.6':
    resolution: {integrity: sha512-dyCGxv1/Br7MiSC42qinGL8KkG4kX0pEsdb0+TKhmJZgCUDBGmyo1/ArCjNGiOLiIAgdbWgmWgib4HoCi5t7kA==}
    engines: {node: '>=18'}
    cpu: [x64]
    os: [sunos]

  '@esbuild/win32-arm64@0.25.6':
    resolution: {integrity: sha512-42QOgcZeZOvXfsCBJF5Afw73t4veOId//XD3i+/9gSkhSV6Gk3VPlWncctI+JcOyERv85FUo7RxuxGy+z8A43Q==}
    engines: {node: '>=18'}
    cpu: [arm64]
    os: [win32]

  '@esbuild/win32-ia32@0.25.6':
    resolution: {integrity: sha512-4AWhgXmDuYN7rJI6ORB+uU9DHLq/erBbuMoAuB4VWJTu5KtCgcKYPynF0YI1VkBNuEfjNlLrFr9KZPJzrtLkrQ==}
    engines: {node: '>=18'}
    cpu: [ia32]
    os: [win32]

  '@esbuild/win32-x64@0.25.6':
    resolution: {integrity: sha512-NgJPHHbEpLQgDH2MjQu90pzW/5vvXIZ7KOnPyNBm92A6WgZ/7b6fJyUBjoumLqeOQQGqY2QjQxRo97ah4Sj0cA==}
    engines: {node: '>=18'}
    cpu: [x64]
    os: [win32]

  '@rollup/rollup-android-arm-eabi@4.44.2':
    resolution: {integrity: sha512-g0dF8P1e2QYPOj1gu7s/3LVP6kze9A7m6x0BZ9iTdXK8N5c2V7cpBKHV3/9A4Zd8xxavdhK0t4PnqjkqVmUc9Q==}
    cpu: [arm]
    os: [android]

  '@rollup/rollup-android-arm64@4.44.2':
    resolution: {integrity: sha512-Yt5MKrOosSbSaAK5Y4J+vSiID57sOvpBNBR6K7xAaQvk3MkcNVV0f9fE20T+41WYN8hDn6SGFlFrKudtx4EoxA==}
    cpu: [arm64]
    os: [android]

  '@rollup/rollup-darwin-arm64@4.44.2':
    resolution: {integrity: sha512-EsnFot9ZieM35YNA26nhbLTJBHD0jTwWpPwmRVDzjylQT6gkar+zenfb8mHxWpRrbn+WytRRjE0WKsfaxBkVUA==}
    cpu: [arm64]
    os: [darwin]

  '@rollup/rollup-darwin-x64@4.44.2':
    resolution: {integrity: sha512-dv/t1t1RkCvJdWWxQ2lWOO+b7cMsVw5YFaS04oHpZRWehI1h0fV1gF4wgGCTyQHHjJDfbNpwOi6PXEafRBBezw==}
    cpu: [x64]
    os: [darwin]

  '@rollup/rollup-freebsd-arm64@4.44.2':
    resolution: {integrity: sha512-W4tt4BLorKND4qeHElxDoim0+BsprFTwb+vriVQnFFtT/P6v/xO5I99xvYnVzKWrK6j7Hb0yp3x7V5LUbaeOMg==}
    cpu: [arm64]
    os: [freebsd]

  '@rollup/rollup-freebsd-x64@4.44.2':
    resolution: {integrity: sha512-tdT1PHopokkuBVyHjvYehnIe20fxibxFCEhQP/96MDSOcyjM/shlTkZZLOufV3qO6/FQOSiJTBebhVc12JyPTA==}
    cpu: [x64]
    os: [freebsd]

  '@rollup/rollup-linux-arm-gnueabihf@4.44.2':
    resolution: {integrity: sha512-+xmiDGGaSfIIOXMzkhJ++Oa0Gwvl9oXUeIiwarsdRXSe27HUIvjbSIpPxvnNsRebsNdUo7uAiQVgBD1hVriwSQ==}
    cpu: [arm]
    os: [linux]

  '@rollup/rollup-linux-arm-musleabihf@4.44.2':
    resolution: {integrity: sha512-bDHvhzOfORk3wt8yxIra8N4k/N0MnKInCW5OGZaeDYa/hMrdPaJzo7CSkjKZqX4JFUWjUGm88lI6QJLCM7lDrA==}
    cpu: [arm]
    os: [linux]

  '@rollup/rollup-linux-arm64-gnu@4.44.2':
    resolution: {integrity: sha512-NMsDEsDiYghTbeZWEGnNi4F0hSbGnsuOG+VnNvxkKg0IGDvFh7UVpM/14mnMwxRxUf9AdAVJgHPvKXf6FpMB7A==}
    cpu: [arm64]
    os: [linux]

  '@rollup/rollup-linux-arm64-musl@4.44.2':
    resolution: {integrity: sha512-lb5bxXnxXglVq+7imxykIp5xMq+idehfl+wOgiiix0191av84OqbjUED+PRC5OA8eFJYj5xAGcpAZ0pF2MnW+A==}
    cpu: [arm64]
    os: [linux]

  '@rollup/rollup-linux-loongarch64-gnu@4.44.2':
    resolution: {integrity: sha512-Yl5Rdpf9pIc4GW1PmkUGHdMtbx0fBLE1//SxDmuf3X0dUC57+zMepow2LK0V21661cjXdTn8hO2tXDdAWAqE5g==}
    cpu: [loong64]
    os: [linux]

  '@rollup/rollup-linux-powerpc64le-gnu@4.44.2':
    resolution: {integrity: sha512-03vUDH+w55s680YYryyr78jsO1RWU9ocRMaeV2vMniJJW/6HhoTBwyyiiTPVHNWLnhsnwcQ0oH3S9JSBEKuyqw==}
    cpu: [ppc64]
    os: [linux]

  '@rollup/rollup-linux-riscv64-gnu@4.44.2':
    resolution: {integrity: sha512-iYtAqBg5eEMG4dEfVlkqo05xMOk6y/JXIToRca2bAWuqjrJYJlx/I7+Z+4hSrsWU8GdJDFPL4ktV3dy4yBSrzg==}
    cpu: [riscv64]
    os: [linux]

  '@rollup/rollup-linux-riscv64-musl@4.44.2':
    resolution: {integrity: sha512-e6vEbgaaqz2yEHqtkPXa28fFuBGmUJ0N2dOJK8YUfijejInt9gfCSA7YDdJ4nYlv67JfP3+PSWFX4IVw/xRIPg==}
    cpu: [riscv64]
    os: [linux]

  '@rollup/rollup-linux-s390x-gnu@4.44.2':
    resolution: {integrity: sha512-evFOtkmVdY3udE+0QKrV5wBx7bKI0iHz5yEVx5WqDJkxp9YQefy4Mpx3RajIVcM6o7jxTvVd/qpC1IXUhGc1Mw==}
    cpu: [s390x]
    os: [linux]

  '@rollup/rollup-linux-x64-gnu@4.44.2':
    resolution: {integrity: sha512-/bXb0bEsWMyEkIsUL2Yt5nFB5naLAwyOWMEviQfQY1x3l5WsLKgvZf66TM7UTfED6erckUVUJQ/jJ1FSpm3pRQ==}
    cpu: [x64]
    os: [linux]

  '@rollup/rollup-linux-x64-musl@4.44.2':
    resolution: {integrity: sha512-3D3OB1vSSBXmkGEZR27uiMRNiwN08/RVAcBKwhUYPaiZ8bcvdeEwWPvbnXvvXHY+A/7xluzcN+kaiOFNiOZwWg==}
    cpu: [x64]
    os: [linux]

  '@rollup/rollup-win32-arm64-msvc@4.44.2':
    resolution: {integrity: sha512-VfU0fsMK+rwdK8mwODqYeM2hDrF2WiHaSmCBrS7gColkQft95/8tphyzv2EupVxn3iE0FI78wzffoULH1G+dkw==}
    cpu: [arm64]
    os: [win32]

  '@rollup/rollup-win32-ia32-msvc@4.44.2':
    resolution: {integrity: sha512-+qMUrkbUurpE6DVRjiJCNGZBGo9xM4Y0FXU5cjgudWqIBWbcLkjE3XprJUsOFgC6xjBClwVa9k6O3A7K3vxb5Q==}
    cpu: [ia32]
    os: [win32]

  '@rollup/rollup-win32-x64-msvc@4.44.2':
    resolution: {integrity: sha512-3+QZROYfJ25PDcxFF66UEk8jGWigHJeecZILvkPkyQN7oc5BvFo4YEXFkOs154j3FTMp9mn9Ky8RCOwastduEA==}
    cpu: [x64]
    os: [win32]

  '@strudel/core@1.2.2':
    resolution: {integrity: sha512-rPFAwV7Emz85HyKwfVVn+2cNOHCGBbWw6XImv0elnzRiXxKWMdmZfuSL3xgpheEg9WUgacgmzJL9kbvfCitGtA==}

  '@strudel/draw@1.2.2':
    resolution: {integrity: sha512-0Vmva6lc51L4rDcLwpGeoQ14t1/2RoyzhI6Sfa3drTALa69E3Jg2bn4o/sZgaifNRkPJhbIOdCqIVcir69Aj6w==}

  '@strudel/mini@1.2.2':
    resolution: {integrity: sha512-kMGdAp6J6dI6oZijQdobVn/STt8bNQkMNcwe341E2gnRvz3S3KbYAKRVvAKrm9jFzy1zoL4F+a1BnqoOqlOPDw==}

  '@strudel/tonal@1.2.2':
    resolution: {integrity: sha512-p09mb2gHZj0NXYbDyuXAK2NQZtrm6n589kE2JdlBTUuxtHHzyNzHzE3WeuGur2QY7avjwM5mw3kPnelstLTQVw==}

  '@strudel/transpiler@1.2.2':
    resolution: {integrity: sha512-UGz+nsM3ZSQ1pQD5KPEyYxSBPLyEySc9YCyjN5xiDNdxrBOEKpSgtj1Fj5NzVNlzfuhX+ao6GveZvKqSE4T64g==}

  '@strudel/webaudio@1.2.3':
    resolution: {integrity: sha512-d+69P3fC9LFKkF4BXxnb99p+Vj51d094ywbgPhuRfw22sNkIPA49Xma6+Nft+NIpX0kFz6XL/gr1sDYF2z8M+A==}

  '@tonaljs/abc-notation@4.9.1':
    resolution: {integrity: sha512-2fDUdPsFDdgZgyIiZCTYGKy30QiwIQxSXCSN2thGrSMXbQKCp8iTC8haStYcrA+25MPWhWlmvC/pz3tGcTNAqQ==}

  '@tonaljs/array@4.8.4':
    resolution: {integrity: sha512-97HVdpZy82PqNBDMM9PRSbO2DUrnxNg3++N4xqLpfby70fKHAHhTWrMXWZK+Dzs76HDPQLd+qhd4cq28eBZzjw==}

  '@tonaljs/chord-detect@4.9.1':
    resolution: {integrity: sha512-rV/9+R7aZ9cQorQ3jdNMMMh63onosglYZM71Q0n7KKcWMAGrxF66MzxBG82xy+w1QDMJQslB3iHfDHUiS6wRjA==}

  '@tonaljs/chord-type@4.8.2':
    resolution: {integrity: sha512-GzSTjQmZjkUdPhyesFDeJbxpW8R7L/bAE34E8ApGAh9FMcKYpRdX3Tn+gkluRsXOiRMfW07p3E0Adx4bjtyN+Q==}

  '@tonaljs/chord-type@5.1.1':
    resolution: {integrity: sha512-ti4WzRYvvjH7to0G3zlJFq7WsjHqmcqbk8Jv98aZSR5YumLdY/ua2yOPPyoPq82n6vfgjZsacnAZ3v8/SodOcw==}

  '@tonaljs/chord@4.10.2':
    resolution: {integrity: sha512-Zlqtq6c6T4y+EqvwHRQp9icEjHqyniCpnIwwCFg5amgAQwXmWzarouOOSmcdJ1Is92eEvcPVuCoLiVUtajS30A==}

  '@tonaljs/chord@6.1.1':
    resolution: {integrity: sha512-gsLyGGkOt0g5L/uF4ICpYQengahW3WAMjckyvyzvqMYpvH7fokmtcymOfbltDQzaVuYuL0TsVmbfjbah2rKEww==}

  '@tonaljs/collection@4.9.0':
    resolution: {integrity: sha512-Mk0h7O54nT6PgNVcUYauzxa5KOB23+0AOKudWzRH7JhJIN9vhVIC7PtwZXE+/G051UTbHSFIcN/afkgF4nB/8A==}

  '@tonaljs/core@4.10.4':
    resolution: {integrity: sha512-PhGlQ2Js6rFQ6CufkSiBpEJoPS8QIIhbXSXhT4U+5ffqckli+YBZRN24vjZ4AEKuX8xoYDmCCbl+r6agauvzmw==}

  '@tonaljs/duration-value@4.9.0':
    resolution: {integrity: sha512-Muz54HyIe0nMYKWx6wyTa4y17ma29DtpJF4/oqJphy6A124rAVDe/SKit8JGOvDYAQj71FUXqs17sXBxO/ExVw==}

  '@tonaljs/interval@4.8.2':
    resolution: {integrity: sha512-9SEuJuqFdmu9lnvMmJtxbReQcQvZ1YHXhCcxaF6Re23/w+BqiJvvkvNZhfWH+n1+g0uaSdTsuvMfamp7hAvPMw==}

  '@tonaljs/interval@5.1.0':
    resolution: {integrity: sha512-GR9dUjn0j7yhjwjRh8HQxZYXOiVl05WfY3AFyMB9rfg807K4dSJmWfPTULPQXyHJ6NiZOPXcwRs8MxMLDxgdbg==}

  '@tonaljs/key@4.11.2':
    resolution: {integrity: sha512-fc1y5+NwS4S3amirzYLLB324PxJDO00oIBbLJclAddc46UBeYnu4FNz+1nZboHCXRQ/06/ftuaWD/l7HrAoulw==}

  '@tonaljs/midi@4.10.2':
    resolution: {integrity: sha512-MPamXhEwPL7L1udLfYMm3Ft8mLYtHr62Zi2w5zYHM2P7YwIvNoiX0+dvAN5is1Wvq4iVRa8AjFHerjOW/SZhGg==}

  '@tonaljs/mode@4.9.1':
    resolution: {integrity: sha512-h+K7eOUKpyX7kMRCwCew6cV1oN0sZYD5LLeKD7zEERNd/6wvGBfGCdMZECGqzpFUmjUyCY87IOntem6EPbKVCg==}

  '@tonaljs/note@4.12.1':
    resolution: {integrity: sha512-yh6cnhu21bUb0VuIQWxObSbWBVp2cHIkJj4zZ4qsNOW4jSqn74+wHpSbOTDF8q+2hl6upz7TtBRavtqwPtLUCQ==}

  '@tonaljs/pcset@4.10.1':
    resolution: {integrity: sha512-CZG1rpKc38yMfpEJsbDTvsTmQqsek9xxcuMgK64Tr6sP1lEiDuZJbQeKVWWRnreBF2FQ1cEGLmfOpvSO+40csA==}

  '@tonaljs/pitch-distance@5.0.2':
    resolution: {integrity: sha512-DPxfGJCf4BvfIVRxl2v142tuCKIziM6PomOBT0/s7U5o+Z5qFAIW0tNx/MKyL83guV74p+XIf5VI0w1flmXxDA==}

  '@tonaljs/pitch-distance@5.0.5':
    resolution: {integrity: sha512-dTfjsU0zyrj5YmiFio5prPaD5w7sBmHp4nnmlEg70nHY+SerAH0KiO9HM9usttVgRFUaXl0Gc7OI8YMGfSFmug==}

  '@tonaljs/pitch-interval@5.0.2':
    resolution: {integrity: sha512-bQmxeenRFNuuABs9mDc+bSUp3ySGw8I49pHMoGDdCcro9n3MDN8IsSwhvKoGOYErFMx76rNn1t+7WL8ukpvX5w==}

  '@tonaljs/pitch-interval@6.1.0':
    resolution: {integrity: sha512-9ZMxA7V4UgySnOKPIG6HECzhDb8mbiTCIdNNIzCIfz5XpjUmohku2YZpVVWMacLHgyeQicJzNoRiPel5oSAn4A==}

  '@tonaljs/pitch-note@5.0.3':
    resolution: {integrity: sha512-JsPgqPa8VZdZtfwvgoHJz996BZqzvlnRxUF6c/Q9q8E0iq30UHBEid0Y6XldK+h6tuIENsG3a9jyvNNxRqIeYw==}

  '@tonaljs/pitch-note@6.1.0':
    resolution: {integrity: sha512-A4OSLo8DjM38u73862LnDmL4YInDDRBmg0fojXcvu4cyU3oOlqndyeHOra1OVoH/WW46uNIxNs1wJDZNPWL5KQ==}

  '@tonaljs/pitch@5.0.1':
    resolution: {integrity: sha512-5HYkF4hGY0jS2y5V3Hf5gNFXX46kT4cAcI7JLEn+qQb9N1dU9Gz9koI9di0mD1Tbam+kviceiCsJl4WX/FqYjA==}

  '@tonaljs/pitch@5.0.2':
    resolution: {integrity: sha512-mxaXJPPe+LIJdjzpZEl8I8Wx3dEvlzkBbsr2Ltwc2dTAdnErAZ5R0TxVq2egF27lMvQN2QPQPWI9iDPPdVUmrg==}

  '@tonaljs/progression@4.9.1':
    resolution: {integrity: sha512-jHdZUNlXRmjrvbZrvjoW6syW7dO9ilhgvyouB6YuVM5lGShwTN9dsSuQYsugso9jYHkwQBgYj5SaXTTY0/0nHw==}

  '@tonaljs/range@4.9.2':
    resolution: {integrity: sha512-XhFbCJCrEEIVz3MNmdVp9QUyiJA6eqnNnQeNqto8AuT5BYuffHDoMkBmvvjPuV5Lh8zfF9D0aqglvqPbZ+neKQ==}

  '@tonaljs/roman-numeral@4.9.1':
    resolution: {integrity: sha512-dJGKBNHdPrNTE97ZDk4t6wpNmgYcpHyLkAvWkRP9I/HsDkeTFFQqNXosYIvspPWrFySlRpeqqFwcqV74MYoOag==}

  '@tonaljs/scale-type@4.9.1':
    resolution: {integrity: sha512-Nz2wThzz5NmWNx0vazX7MqNbF8kT1g5BEcbZcWjgkc67zhwosfZE0LEn7W9XcVDEws71b8CqQqDPKUEEybC9Rw==}

  '@tonaljs/scale@4.13.3':
    resolution: {integrity: sha512-IcPMpOm6gMQJ3A2IXZ5dN0wOhHIUonQY8abTql4BrwcVCUaItXWQfSd9t1HII+2kA6J8JCeY2BukTr6wVwAhXQ==}

  '@tonaljs/time-signature@4.9.0':
    resolution: {integrity: sha512-zRo8CBqg/2guzTlF2vxyVIuB5gmwWQaxlknJPUSDII8CTdQ/x3a1LlNoMKkvTUnqwCihe3WrNPZ5XUfOOTthYA==}

  '@tonaljs/tonal@4.10.0':
    resolution: {integrity: sha512-F2T9Fiy+j0MVped89kCrX1XF68mQOLUnny4pDOHrIf+OkrjtLQOzzaSOrX1tx0o72WUwQm1knz6D1d57b9X1HA==}

  '@types/estree@1.0.8':
    resolution: {integrity: sha512-dWHzHa2WqEXI/O1E9OjrocMTKJl2mSrEolh1Iomrv6U+JuNwaHXsXx9bLu5gG7BUWFIN0skIQJQ/L1rIex4X6w==}

  '@types/webmidi@2.1.0':
    resolution: {integrity: sha512-k898MjEUSHB+6rSeCPQk/kLgie0wgWZ2t78GlWj86HbTQ+XmtbBafYg5LNjn8bVHfItEhPGZPf579Xfc6keV6w==}

  acorn@8.15.0:
    resolution: {integrity: sha512-NZyJarBfL7nWwIq+FDL6Zp/yHEhePMNnnJ0y3qfieCrmNvYct8uvtiV41UvlSe6apAfk0fY1FbWx+NwfmpvtTg==}
    engines: {node: '>=0.4.0'}
    hasBin: true

  chord-voicings@0.0.1:
    resolution: {integrity: sha512-SutgB/4ynkkuiK6qdQ/k3QvCFcH0Vj8Ch4t6LbRyRQbVzP/TOztiCk3kvXd516UZ6fqk7ijDRELEFcKN+6V8sA==}

  djipevents@2.0.7:
    resolution: {integrity: sha512-KNFYaU85imxOCKOUsIR70Iz9E19r96/X7LSH+u0tSoZdpWcBdzoqtTsU+wuLhc6GMpSFob+KInkZAbfKi01Bjg==}

  esbuild@0.25.6:
    resolution: {integrity: sha512-GVuzuUwtdsghE3ocJ9Bs8PNoF13HNQ5TXbEi2AhvVb8xU1Iwt9Fos9FEamfoee+u/TOsn7GUWc04lz46n2bbTg==}
    engines: {node: '>=18'}
    hasBin: true

  escodegen@2.1.0:
    resolution: {integrity: sha512-2NlIDTwUWJN0mRPQOdtQBzbUHvdGY2P1VXSyU83Q3xKxM7WHX2Ql8dKq782Q9TgQUNOLEzEYu9bzLNj1q88I5w==}
    engines: {node: '>=6.0'}
    hasBin: true

  esprima@4.0.1:
    resolution: {integrity: sha512-eGuFFw7Upda+g4p+QHvnW0RyTX/SVeJBDM/gCtMARO0cLuT2HcEKnTPvhjV6aGeqrCB/sbNop0Kszm0jsaWU4A==}
    engines: {node: '>=4'}
    hasBin: true

  estraverse@5.3.0:
    resolution: {integrity: sha512-MMdARuVEQziNTeJD8DgMqmhwR11BRQ/cBP+pLtYdSTnf3MIO8fFeiINEbX36ZdNlfU/7A9f3gUw49B3oQsvwBA==}
    engines: {node: '>=4.0'}

  estree-walker@3.0.3:
    resolution: {integrity: sha512-7RUKfXgSMMkzt6ZuXmqapOurLGPPfgj6l9uRZ7lRGolvk0y2yocc35LdcxKC5PQZdn2DMqioAQ2NoWcrTKmm6g==}

  esutils@2.0.3:
    resolution: {integrity: sha512-kVscqXk4OCp68SZ0dkgEKVi6/8ij300KBWTJq32P/dYeWTSwK41WyTxalN1eRmA5Z9UU/LX9D7FWSmV9SAYx6g==}
    engines: {node: '>=0.10.0'}

  fdir@6.4.6:
    resolution: {integrity: sha512-hiFoqpyZcfNm1yc4u8oWCf9A2c4D3QjCrks3zmoVKVxpQRzmPNar1hUJcBG2RQHvEVGDN+Jm81ZheVLAQMK6+w==}
    peerDependencies:
      picomatch: ^3 || ^4
    peerDependenciesMeta:
      picomatch:
        optional: true

  fraction.js@5.2.2:
    resolution: {integrity: sha512-uXBDv5knpYmv/2gLzWQ5mBHGBRk9wcKTeWu6GLTUEQfjCxO09uM/mHDrojlL+Q1mVGIIFo149Gba7od1XPgSzQ==}
    engines: {node: '>= 12'}

  fsevents@2.3.3:
    resolution: {integrity: sha512-5xoDfX+fL7faATnagmWPpbFtwh/R77WmMMqqHGS65C3vvB0YHrgF+B1YmZ3441tMj5n63k0212XNoJwzlhffQw==}
    engines: {node: ^8.16.0 || ^10.6.0 || >=11.0.0}
    os: [darwin]

  jazz-midi@1.7.9:
    resolution: {integrity: sha512-c8c4BBgwxdsIr1iVm53nadCrtH7BUlnX3V95ciK/gbvXN/ndE5+POskBalXgqlc/r9p2XUbdLTrgrC6fou5p9w==}
    engines: {node: '>=10.0.0'}

  jzz@1.9.3:
    resolution: {integrity: sha512-DXQ7xXuJzC4YxNbQZy9pfHC/DOXM6IHgceTXnkhk1/+lU/qDk8W9xUaNpgCH6t1QDQ9roz7FSVtFc0/JhYQFxg==}

  monaco-editor@0.52.2:
    resolution: {integrity: sha512-GEQWEZmfkOGLdd3XK8ryrfWz3AIP8YymVXiPHEdewrUq7mh0qrKrfHLNCXcbB6sTnMLnOZ3ztSiKcciFUkIJwQ==}

  nanoid@3.3.11:
    resolution: {integrity: sha512-N8SpfPUnUp1bK+PMYW8qSWdl9U+wwNWI4QKxOYDy9JAro3WMX7p2OeVRF9v+347pnakNevPmiHhNmZ2HbFA76w==}
    engines: {node: ^10 || ^12 || ^13.7 || ^14 || >=15.0.1}
    hasBin: true

  nanostores@0.11.4:
    resolution: {integrity: sha512-k1oiVNN4hDK8NcNERSZLQiMfRzEGtfnvZvdBvey3SQbgn8Dcrk0h1I6vpxApjb10PFUflZrgJ2WEZyJQ+5v7YQ==}
    engines: {node: ^18.0.0 || >=20.0.0}

  picocolors@1.1.1:
    resolution: {integrity: sha512-xceH2snhtb5M9liqDsmEw56le376mTZkEX/jEb/RxNFyegNul7eNslCXP9FDj/Lcu0X8KEyMceP2ntpaHrDEVA==}

  picomatch@4.0.2:
    resolution: {integrity: sha512-M7BAV6Rlcy5u+m6oPhAPFgJTzAioX/6B0DxyvDlo9l8+T3nLKbrczg2WLUyzd45L8RqfUMyGPzekbMvX2Ldkwg==}
    engines: {node: '>=12'}

  postcss@8.5.6:
    resolution: {integrity: sha512-3Ybi1tAuwAP9s0r1UQ2J4n5Y0G05bJkpUIO0/bI9MhwmD70S5aTWbXGBwxHrelT+XM1k6dM0pk+SwNkpTRN7Pg==}
    engines: {node: ^10 || ^12 || >=14}

  rollup@4.44.2:
    resolution: {integrity: sha512-PVoapzTwSEcelaWGth3uR66u7ZRo6qhPHc0f2uRO9fX6XDVNrIiGYS0Pj9+R8yIIYSD/mCx2b16Ws9itljKSPg==}
    engines: {node: '>=18.0.0', npm: '>=8.0.0'}
    hasBin: true

  source-map-js@1.2.1:
    resolution: {integrity: sha512-UXWMKhLOwVKb728IUtQPXxfYU+usdybtUrK/8uGE8CQMvrhOpwvzDBwj0QhSL7MQc7vIsISBG8VQ8+IDQxpfQA==}
    engines: {node: '>=0.10.0'}

  source-map@0.6.1:
    resolution: {integrity: sha512-UjgapumWlbMhkBgzT7Ykc5YXUT46F0iKu8SGXq0bcwP5dz/h0Plj6enJqjz1Zbq2l5WaqYnrVbwWOWMyF3F47g==}
    engines: {node: '>=0.10.0'}

  superdough@1.2.3:
    resolution: {integrity: sha512-OoTHb1wRdoqmQKU21p8bAe8l0xMk4VYJJRlfGxDAo176a2USLubxNTUpgD0jv/W71U6BVTzYIt/5tkmD3p2eXA==}

  tinyglobby@0.2.14:
    resolution: {integrity: sha512-tX5e7OM1HnYr2+a2C/4V0htOcSQcoSTH9KgJnVvNm5zm/cyEWKJ7j7YutsH9CxMdtOkkLFy2AHrMci9IM8IPZQ==}
    engines: {node: '>=12.0.0'}

  typescript@5.8.3:
    resolution: {integrity: sha512-p1diW6TqL9L07nNxvRMM7hMMw4c5XOo/1ibL4aAIGmSAt9slTE1Xgw5KWuof2uTOvCg9BY7ZRi+GaF+7sfgPeQ==}
    engines: {node: '>=14.17'}
    hasBin: true

  vite@7.0.4:
    resolution: {integrity: sha512-SkaSguuS7nnmV7mfJ8l81JGBFV7Gvzp8IzgE8A8t23+AxuNX61Q5H1Tpz5efduSN7NHC8nQXD3sKQKZAu5mNEA==}
    engines: {node: ^20.19.0 || >=22.12.0}
    hasBin: true
    peerDependencies:
      '@types/node': ^20.19.0 || >=22.12.0
      jiti: '>=1.21.0'
      less: ^4.0.0
      lightningcss: ^1.21.0
      sass: ^1.70.0
      sass-embedded: ^1.70.0
      stylus: '>=0.54.8'
      sugarss: ^5.0.0
      terser: ^5.16.0
      tsx: ^4.8.1
      yaml: ^2.4.2
    peerDependenciesMeta:
      '@types/node':
        optional: true
      jiti:
        optional: true
      less:
        optional: true
      lightningcss:
        optional: true
      sass:
        optional: true
      sass-embedded:
        optional: true
      stylus:
        optional: true
      sugarss:
        optional: true
      terser:
        optional: true
      tsx:
        optional: true
      yaml:
        optional: true

  webmidi@3.1.12:
    resolution: {integrity: sha512-X1lACggXm2BxuAPdx5wleh8S2kygduHbtR2ti5sGhivLkX6Muv/sLAYmPuIaNLOUddyxr71+3tsq8m5dKXoT4A==}
    engines: {node: '>=8.5'}

snapshots:

  '@babel/runtime@7.27.6': {}

  '@esbuild/aix-ppc64@0.25.6':
    optional: true

  '@esbuild/android-arm64@0.25.6':
    optional: true

  '@esbuild/android-arm@0.25.6':
    optional: true

  '@esbuild/android-x64@0.25.6':
    optional: true

  '@esbuild/darwin-arm64@0.25.6':
    optional: true

  '@esbuild/darwin-x64@0.25.6':
    optional: true

  '@esbuild/freebsd-arm64@0.25.6':
    optional: true

  '@esbuild/freebsd-x64@0.25.6':
    optional: true

  '@esbuild/linux-arm64@0.25.6':
    optional: true

  '@esbuild/linux-arm@0.25.6':
    optional: true

  '@esbuild/linux-ia32@0.25.6':
    optional: true

  '@esbuild/linux-loong64@0.25.6':
    optional: true

  '@esbuild/linux-mips64el@0.25.6':
    optional: true

  '@esbuild/linux-ppc64@0.25.6':
    optional: true

  '@esbuild/linux-riscv64@0.25.6':
    optional: true

  '@esbuild/linux-s390x@0.25.6':
    optional: true

  '@esbuild/linux-x64@0.25.6':
    optional: true

  '@esbuild/netbsd-arm64@0.25.6':
    optional: true

  '@esbuild/netbsd-x64@0.25.6':
    optional: true

  '@esbuild/openbsd-arm64@0.25.6':
    optional: true

  '@esbuild/openbsd-x64@0.25.6':
    optional: true

  '@esbuild/openharmony-arm64@0.25.6':
    optional: true

  '@esbuild/sunos-x64@0.25.6':
    optional: true

  '@esbuild/win32-arm64@0.25.6':
    optional: true

  '@esbuild/win32-ia32@0.25.6':
    optional: true

  '@esbuild/win32-x64@0.25.6':
    optional: true

  '@rollup/rollup-android-arm-eabi@4.44.2':
    optional: true

  '@rollup/rollup-android-arm64@4.44.2':
    optional: true

  '@rollup/rollup-darwin-arm64@4.44.2':
    optional: true

  '@rollup/rollup-darwin-x64@4.44.2':
    optional: true

  '@rollup/rollup-freebsd-arm64@4.44.2':
    optional: true

  '@rollup/rollup-freebsd-x64@4.44.2':
    optional: true

  '@rollup/rollup-linux-arm-gnueabihf@4.44.2':
    optional: true

  '@rollup/rollup-linux-arm-musleabihf@4.44.2':
    optional: true

  '@rollup/rollup-linux-arm64-gnu@4.44.2':
    optional: true

  '@rollup/rollup-linux-arm64-musl@4.44.2':
    optional: true

  '@rollup/rollup-linux-loongarch64-gnu@4.44.2':
    optional: true

  '@rollup/rollup-linux-powerpc64le-gnu@4.44.2':
    optional: true

  '@rollup/rollup-linux-riscv64-gnu@4.44.2':
    optional: true

  '@rollup/rollup-linux-riscv64-musl@4.44.2':
    optional: true

  '@rollup/rollup-linux-s390x-gnu@4.44.2':
    optional: true

  '@rollup/rollup-linux-x64-gnu@4.44.2':
    optional: true

  '@rollup/rollup-linux-x64-musl@4.44.2':
    optional: true

  '@rollup/rollup-win32-arm64-msvc@4.44.2':
    optional: true

  '@rollup/rollup-win32-ia32-msvc@4.44.2':
    optional: true

  '@rollup/rollup-win32-x64-msvc@4.44.2':
    optional: true

  '@strudel/core@1.2.2':
    dependencies:
      fraction.js: 5.2.2

  '@strudel/draw@1.2.2':
    dependencies:
      '@strudel/core': 1.2.2

  '@strudel/mini@1.2.2':
    dependencies:
      '@strudel/core': 1.2.2

  '@strudel/tonal@1.2.2':
    dependencies:
      '@strudel/core': 1.2.2
      '@tonaljs/tonal': 4.10.0
      chord-voicings: 0.0.1
      webmidi: 3.1.12

  '@strudel/transpiler@1.2.2':
    dependencies:
      '@strudel/core': 1.2.2
      '@strudel/mini': 1.2.2
      acorn: 8.15.0
      escodegen: 2.1.0
      estree-walker: 3.0.3

  '@strudel/webaudio@1.2.3':
    dependencies:
      '@strudel/core': 1.2.2
      '@strudel/draw': 1.2.2
      superdough: 1.2.3

  '@tonaljs/abc-notation@4.9.1':
    dependencies:
      '@tonaljs/pitch-distance': 5.0.5
      '@tonaljs/pitch-note': 6.1.0

  '@tonaljs/array@4.8.4':
    dependencies:
      '@tonaljs/pitch-note': 6.1.0

  '@tonaljs/chord-detect@4.9.1':
    dependencies:
      '@tonaljs/chord-type': 5.1.1
      '@tonaljs/pcset': 4.10.1
      '@tonaljs/pitch-note': 6.1.0

  '@tonaljs/chord-type@4.8.2':
    dependencies:
      '@tonaljs/core': 4.10.4
      '@tonaljs/pcset': 4.10.1

  '@tonaljs/chord-type@5.1.1':
    dependencies:
      '@tonaljs/pcset': 4.10.1

  '@tonaljs/chord@4.10.2':
    dependencies:
      '@tonaljs/chord-detect': 4.9.1
      '@tonaljs/chord-type': 4.8.2
      '@tonaljs/collection': 4.9.0
      '@tonaljs/core': 4.10.4
      '@tonaljs/pcset': 4.10.1
      '@tonaljs/scale-type': 4.9.1

  '@tonaljs/chord@6.1.1':
    dependencies:
      '@tonaljs/chord-detect': 4.9.1
      '@tonaljs/chord-type': 5.1.1
      '@tonaljs/collection': 4.9.0
      '@tonaljs/interval': 5.1.0
      '@tonaljs/pcset': 4.10.1
      '@tonaljs/pitch-distance': 5.0.5
      '@tonaljs/pitch-note': 6.1.0
      '@tonaljs/scale-type': 4.9.1

  '@tonaljs/collection@4.9.0': {}

  '@tonaljs/core@4.10.4':
    dependencies:
      '@tonaljs/pitch': 5.0.1
      '@tonaljs/pitch-distance': 5.0.2
      '@tonaljs/pitch-interval': 5.0.2
      '@tonaljs/pitch-note': 5.0.3

  '@tonaljs/duration-value@4.9.0': {}

  '@tonaljs/interval@4.8.2':
    dependencies:
      '@tonaljs/pitch': 5.0.2
      '@tonaljs/pitch-distance': 5.0.5
      '@tonaljs/pitch-interval': 5.0.2

  '@tonaljs/interval@5.1.0':
    dependencies:
      '@tonaljs/pitch': 5.0.2
      '@tonaljs/pitch-distance': 5.0.5
      '@tonaljs/pitch-interval': 6.1.0

  '@tonaljs/key@4.11.2':
    dependencies:
      '@tonaljs/note': 4.12.1
      '@tonaljs/pitch-note': 6.1.0
      '@tonaljs/roman-numeral': 4.9.1

  '@tonaljs/midi@4.10.2':
    dependencies:
      '@tonaljs/pitch-note': 6.1.0

  '@tonaljs/mode@4.9.1':
    dependencies:
      '@tonaljs/collection': 4.9.0
      '@tonaljs/interval': 5.1.0
      '@tonaljs/pcset': 4.10.1
      '@tonaljs/pitch-distance': 5.0.5
      '@tonaljs/pitch-note': 6.1.0
      '@tonaljs/scale-type': 4.9.1

  '@tonaljs/note@4.12.1':
    dependencies:
      '@tonaljs/midi': 4.10.2
      '@tonaljs/pitch': 5.0.2
      '@tonaljs/pitch-distance': 5.0.5
      '@tonaljs/pitch-interval': 6.1.0
      '@tonaljs/pitch-note': 6.1.0

  '@tonaljs/pcset@4.10.1':
    dependencies:
      '@tonaljs/collection': 4.9.0
      '@tonaljs/pitch': 5.0.2
      '@tonaljs/pitch-distance': 5.0.5
      '@tonaljs/pitch-interval': 6.1.0
      '@tonaljs/pitch-note': 6.1.0

  '@tonaljs/pitch-distance@5.0.2':
    dependencies:
      '@tonaljs/pitch': 5.0.1
      '@tonaljs/pitch-interval': 5.0.2
      '@tonaljs/pitch-note': 5.0.3

  '@tonaljs/pitch-distance@5.0.5':
    dependencies:
      '@tonaljs/pitch': 5.0.2
      '@tonaljs/pitch-interval': 6.1.0
      '@tonaljs/pitch-note': 6.1.0

  '@tonaljs/pitch-interval@5.0.2':
    dependencies:
      '@tonaljs/pitch': 5.0.1

  '@tonaljs/pitch-interval@6.1.0':
    dependencies:
      '@tonaljs/pitch': 5.0.2

  '@tonaljs/pitch-note@5.0.3':
    dependencies:
      '@tonaljs/pitch': 5.0.1

  '@tonaljs/pitch-note@6.1.0':
    dependencies:
      '@tonaljs/pitch': 5.0.2

  '@tonaljs/pitch@5.0.1': {}

  '@tonaljs/pitch@5.0.2': {}

  '@tonaljs/progression@4.9.1':
    dependencies:
      '@tonaljs/chord': 6.1.1
      '@tonaljs/pitch-distance': 5.0.5
      '@tonaljs/pitch-interval': 6.1.0
      '@tonaljs/pitch-note': 6.1.0
      '@tonaljs/roman-numeral': 4.9.1

  '@tonaljs/range@4.9.2':
    dependencies:
      '@tonaljs/collection': 4.9.0
      '@tonaljs/midi': 4.10.2

  '@tonaljs/roman-numeral@4.9.1':
    dependencies:
      '@tonaljs/pitch': 5.0.2
      '@tonaljs/pitch-interval': 6.1.0
      '@tonaljs/pitch-note': 6.1.0

  '@tonaljs/scale-type@4.9.1':
    dependencies:
      '@tonaljs/pcset': 4.10.1

  '@tonaljs/scale@4.13.3':
    dependencies:
      '@tonaljs/chord-type': 5.1.1
      '@tonaljs/collection': 4.9.0
      '@tonaljs/note': 4.12.1
      '@tonaljs/pcset': 4.10.1
      '@tonaljs/pitch-distance': 5.0.5
      '@tonaljs/pitch-note': 6.1.0
      '@tonaljs/scale-type': 4.9.1

  '@tonaljs/time-signature@4.9.0': {}

  '@tonaljs/tonal@4.10.0':
    dependencies:
      '@tonaljs/abc-notation': 4.9.1
      '@tonaljs/array': 4.8.4
      '@tonaljs/chord': 4.10.2
      '@tonaljs/chord-type': 4.8.2
      '@tonaljs/collection': 4.9.0
      '@tonaljs/core': 4.10.4
      '@tonaljs/duration-value': 4.9.0
      '@tonaljs/interval': 4.8.2
      '@tonaljs/key': 4.11.2
      '@tonaljs/midi': 4.10.2
      '@tonaljs/mode': 4.9.1
      '@tonaljs/note': 4.12.1
      '@tonaljs/pcset': 4.10.1
      '@tonaljs/progression': 4.9.1
      '@tonaljs/range': 4.9.2
      '@tonaljs/roman-numeral': 4.9.1
      '@tonaljs/scale': 4.13.3
      '@tonaljs/scale-type': 4.9.1
      '@tonaljs/time-signature': 4.9.0

  '@types/estree@1.0.8': {}

  '@types/webmidi@2.1.0':
    optional: true

  acorn@8.15.0: {}

  chord-voicings@0.0.1:
    dependencies:
      '@tonaljs/tonal': 4.10.0

  djipevents@2.0.7:
    dependencies:
      '@babel/runtime': 7.27.6

  esbuild@0.25.6:
    optionalDependencies:
      '@esbuild/aix-ppc64': 0.25.6
      '@esbuild/android-arm': 0.25.6
      '@esbuild/android-arm64': 0.25.6
      '@esbuild/android-x64': 0.25.6
      '@esbuild/darwin-arm64': 0.25.6
      '@esbuild/darwin-x64': 0.25.6
      '@esbuild/freebsd-arm64': 0.25.6
      '@esbuild/freebsd-x64': 0.25.6
      '@esbuild/linux-arm': 0.25.6
      '@esbuild/linux-arm64': 0.25.6
      '@esbuild/linux-ia32': 0.25.6
      '@esbuild/linux-loong64': 0.25.6
      '@esbuild/linux-mips64el': 0.25.6
      '@esbuild/linux-ppc64': 0.25.6
      '@esbuild/linux-riscv64': 0.25.6
      '@esbuild/linux-s390x': 0.25.6
      '@esbuild/linux-x64': 0.25.6
      '@esbuild/netbsd-arm64': 0.25.6
      '@esbuild/netbsd-x64': 0.25.6
      '@esbuild/openbsd-arm64': 0.25.6
      '@esbuild/openbsd-x64': 0.25.6
      '@esbuild/openharmony-arm64': 0.25.6
      '@esbuild/sunos-x64': 0.25.6
      '@esbuild/win32-arm64': 0.25.6
      '@esbuild/win32-ia32': 0.25.6
      '@esbuild/win32-x64': 0.25.6

  escodegen@2.1.0:
    dependencies:
      esprima: 4.0.1
      estraverse: 5.3.0
      esutils: 2.0.3
    optionalDependencies:
      source-map: 0.6.1

  esprima@4.0.1: {}

  estraverse@5.3.0: {}

  estree-walker@3.0.3:
    dependencies:
      '@types/estree': 1.0.8

  esutils@2.0.3: {}

  fdir@6.4.6(picomatch@4.0.2):
    optionalDependencies:
      picomatch: 4.0.2

  fraction.js@5.2.2: {}

  fsevents@2.3.3:
    optional: true

  jazz-midi@1.7.9:
    optional: true

  jzz@1.9.3:
    dependencies:
      '@types/webmidi': 2.1.0
      jazz-midi: 1.7.9
    optional: true

  monaco-editor@0.52.2: {}

  nanoid@3.3.11: {}

  nanostores@0.11.4: {}

  picocolors@1.1.1: {}

  picomatch@4.0.2: {}

  postcss@8.5.6:
    dependencies:
      nanoid: 3.3.11
      picocolors: 1.1.1
      source-map-js: 1.2.1

  rollup@4.44.2:
    dependencies:
      '@types/estree': 1.0.8
    optionalDependencies:
      '@rollup/rollup-android-arm-eabi': 4.44.2
      '@rollup/rollup-android-arm64': 4.44.2
      '@rollup/rollup-darwin-arm64': 4.44.2
      '@rollup/rollup-darwin-x64': 4.44.2
      '@rollup/rollup-freebsd-arm64': 4.44.2
      '@rollup/rollup-freebsd-x64': 4.44.2
      '@rollup/rollup-linux-arm-gnueabihf': 4.44.2
      '@rollup/rollup-linux-arm-musleabihf': 4.44.2
      '@rollup/rollup-linux-arm64-gnu': 4.44.2
      '@rollup/rollup-linux-arm64-musl': 4.44.2
      '@rollup/rollup-linux-loongarch64-gnu': 4.44.2
      '@rollup/rollup-linux-powerpc64le-gnu': 4.44.2
      '@rollup/rollup-linux-riscv64-gnu': 4.44.2
      '@rollup/rollup-linux-riscv64-musl': 4.44.2
      '@rollup/rollup-linux-s390x-gnu': 4.44.2
      '@rollup/rollup-linux-x64-gnu': 4.44.2
      '@rollup/rollup-linux-x64-musl': 4.44.2
      '@rollup/rollup-win32-arm64-msvc': 4.44.2
      '@rollup/rollup-win32-ia32-msvc': 4.44.2
      '@rollup/rollup-win32-x64-msvc': 4.44.2
      fsevents: 2.3.3

  source-map-js@1.2.1: {}

  source-map@0.6.1:
    optional: true

  superdough@1.2.3:
    dependencies:
      nanostores: 0.11.4

  tinyglobby@0.2.14:
    dependencies:
      fdir: 6.4.6(picomatch@4.0.2)
      picomatch: 4.0.2

  typescript@5.8.3: {}

  vite@7.0.4:
    dependencies:
      esbuild: 0.25.6
      fdir: 6.4.6(picomatch@4.0.2)
      picomatch: 4.0.2
      postcss: 8.5.6
      rollup: 4.44.2
      tinyglobby: 0.2.14
    optionalDependencies:
      fsevents: 2.3.3

  webmidi@3.1.12:
    dependencies:
      djipevents: 2.0.7
    optionalDependencies:
      jzz: 1.9.3
